// !$*UTF8*$!
{
	archiveVersion = 1;
	classes = {
	};
	objectVersion = 46;
	objects = {

/* Begin PBXBuildFile section */
		912D50851C8028220072401E /* main.m in Sources */ = {isa = PBXBuildFile; fileRef = 912D50841C8028220072401E /* main.m */; };
		912D508E1C8028220072401E /* Main.storyboard in Resources */ = {isa = PBXBuildFile; fileRef = 912D508C1C8028220072401E /* Main.storyboard */; };
		912D50901C8028220072401E /* Assets.xcassets in Resources */ = {isa = PBXBuildFile; fileRef = 912D508F1C8028220072401E /* Assets.xcassets */; };
		912D50931C8028220072401E /* LaunchScreen.storyboard in Resources */ = {isa = PBXBuildFile; fileRef = 912D50911C8028220072401E /* LaunchScreen.storyboard */; };
		912D509E1C8028220072401E /* SSFAnalysisTests.m in Sources */ = {isa = PBXBuildFile; fileRef = 912D509D1C8028220072401E /* SSFAnalysisTests.m */; };
		912D50A91C8028220072401E /* SSFAnalysisUITests.m in Sources */ = {isa = PBXBuildFile; fileRef = 912D50A81C8028220072401E /* SSFAnalysisUITests.m */; };
		912D50D31C80329A0072401E /* NSDate+IntervalFrom1970.m in Sources */ = {isa = PBXBuildFile; fileRef = 912D50C81C80329A0072401E /* NSDate+IntervalFrom1970.m */; };
		912D50D41C80329A0072401E /* NSDate+TimeString.m in Sources */ = {isa = PBXBuildFile; fileRef = 912D50CA1C80329A0072401E /* NSDate+TimeString.m */; };
		912D50D51C80329A0072401E /* NSDictionary+SafetyCheck.m in Sources */ = {isa = PBXBuildFile; fileRef = 912D50CC1C80329A0072401E /* NSDictionary+SafetyCheck.m */; };
		912D50D71C80329A0072401E /* NSString+RegularCheck.m in Sources */ = {isa = PBXBuildFile; fileRef = 912D50D01C80329A0072401E /* NSString+RegularCheck.m */; };
		912D50D81C80329A0072401E /* UIImage+ScaleSize.m in Sources */ = {isa = PBXBuildFile; fileRef = 912D50D21C80329A0072401E /* UIImage+ScaleSize.m */; };
		912D50E21C8032AF0072401E /* CZSShowSimpleAlert.m in Sources */ = {isa = PBXBuildFile; fileRef = 912D50DA1C8032AF0072401E /* CZSShowSimpleAlert.m */; };
		912D50E31C8032AF0072401E /* MBProgressHUD.m in Sources */ = {isa = PBXBuildFile; fileRef = 912D50DC1C8032AF0072401E /* MBProgressHUD.m */; };
		912D50E41C8032AF0072401E /* GSReachability.m in Sources */ = {isa = PBXBuildFile; fileRef = 912D50DF1C8032AF0072401E /* GSReachability.m */; settings = {COMPILER_FLAGS = "-fno-objc-arc"; }; };
		912D50E51C8032AF0072401E /* Reachability.m in Sources */ = {isa = PBXBuildFile; fileRef = 912D50E11C8032AF0072401E /* Reachability.m */; settings = {COMPILER_FLAGS = "-fno-objc-arc"; }; };
		912D50EB1C8046880072401E /* SSFLineChartView.m in Sources */ = {isa = PBXBuildFile; fileRef = 912D50EA1C8046880072401E /* SSFLineChartView.m */; };
		912D50EE1C993F020072401E /* SSFLoginView.m in Sources */ = {isa = PBXBuildFile; fileRef = 912D50ED1C993F020072401E /* SSFLoginView.m */; };
		912D50F51C9A489F0072401E /* SSFGravityCollisionBehavior.m in Sources */ = {isa = PBXBuildFile; fileRef = 912D50F41C9A489F0072401E /* SSFGravityCollisionBehavior.m */; };
		912D50FA1C9A82A40072401E /* SSFNetWork.m in Sources */ = {isa = PBXBuildFile; fileRef = 912D50F71C9A82A40072401E /* SSFNetWork.m */; };
		912D50FB1C9A82A40072401E /* SSFNetWorkDelegate.m in Sources */ = {isa = PBXBuildFile; fileRef = 912D50F91C9A82A40072401E /* SSFNetWorkDelegate.m */; };
		912D50FE1C9A85D30072401E /* NSString+Tony.m in Sources */ = {isa = PBXBuildFile; fileRef = 912D50FD1C9A85D30072401E /* NSString+Tony.m */; };
		912D51011C9A8BA80072401E /* SSFAnalysisManager.m in Sources */ = {isa = PBXBuildFile; fileRef = 912D51001C9A8BA80072401E /* SSFAnalysisManager.m */; };
		912D51041C9A9F870072401E /* RoundButton.m in Sources */ = {isa = PBXBuildFile; fileRef = 912D51031C9A9F870072401E /* RoundButton.m */; };
		912D510A1C9BA2D00072401E /* Analysis.xcdatamodeld in Sources */ = {isa = PBXBuildFile; fileRef = 912D51081C9BA2D00072401E /* Analysis.xcdatamodeld */; };
		912D510F1C9BA7280072401E /* User+CoreDataProperties.m in Sources */ = {isa = PBXBuildFile; fileRef = 912D510C1C9BA7280072401E /* User+CoreDataProperties.m */; };
		912D51101C9BA7280072401E /* User.m in Sources */ = {isa = PBXBuildFile; fileRef = 912D510E1C9BA7280072401E /* User.m */; };
		912D51131C9BE2020072401E /* CoreDataManager.m in Sources */ = {isa = PBXBuildFile; fileRef = 912D51121C9BE2020072401E /* CoreDataManager.m */; };
		912D511E1C9FE18A0072401E /* Bill+CoreDataProperties.m in Sources */ = {isa = PBXBuildFile; fileRef = 912D511B1C9FE18A0072401E /* Bill+CoreDataProperties.m */; };
		912D511F1C9FE18A0072401E /* Bill.m in Sources */ = {isa = PBXBuildFile; fileRef = 912D511D1C9FE18A0072401E /* Bill.m */; };
		912D51251CA393A70072401E /* BillTableViewCell.m in Sources */ = {isa = PBXBuildFile; fileRef = 912D51241CA393A70072401E /* BillTableViewCell.m */; };
		914144351CA90AD30091B5B1 /* CoreDataFetchedResultsTableViewController.m in Sources */ = {isa = PBXBuildFile; fileRef = 914144251CA90AD30091B5B1 /* CoreDataFetchedResultsTableViewController.m */; };
		914144361CA90AD30091B5B1 /* AppDelegate+ShowLoginOrMain.m in Sources */ = {isa = PBXBuildFile; fileRef = 914144281CA90AD30091B5B1 /* AppDelegate+ShowLoginOrMain.m */; };
		914144371CA90AD30091B5B1 /* AppDelegate.m in Sources */ = {isa = PBXBuildFile; fileRef = 9141442A1CA90AD30091B5B1 /* AppDelegate.m */; };
		914144381CA90AD30091B5B1 /* SSFLoginViewController.m in Sources */ = {isa = PBXBuildFile; fileRef = 9141442C1CA90AD30091B5B1 /* SSFLoginViewController.m */; };
		914144391CA90AD30091B5B1 /* SSFMainTabBarViewController.m in Sources */ = {isa = PBXBuildFile; fileRef = 9141442F1CA90AD30091B5B1 /* SSFMainTabBarViewController.m */; };
		9141443A1CA90AD30091B5B1 /* SSFRecordBillViewController.m in Sources */ = {isa = PBXBuildFile; fileRef = 914144321CA90AD30091B5B1 /* SSFRecordBillViewController.m */; };
		9141443B1CA90AD30091B5B1 /* SSFTodayViewController.m in Sources */ = {isa = PBXBuildFile; fileRef = 914144341CA90AD30091B5B1 /* SSFTodayViewController.m */; };
		9147917A1CA3C99E0036A40D /* OptionCollectionViewCell.m in Sources */ = {isa = PBXBuildFile; fileRef = 914791791CA3C99E0036A40D /* OptionCollectionViewCell.m */; };
		9147917D1CA3EB870036A40D /* SSFMoneyTypeManager.m in Sources */ = {isa = PBXBuildFile; fileRef = 9147917C1CA3EB870036A40D /* SSFMoneyTypeManager.m */; };
		91B339081CC0C7E40055D017 /* SSFAnalysisChartTableViewController.m in Sources */ = {isa = PBXBuildFile; fileRef = 91B339071CC0C7E40055D017 /* SSFAnalysisChartTableViewController.m */; };
/* End PBXBuildFile section */

/* Begin PBXContainerItemProxy section */
		912D509A1C8028220072401E /* PBXContainerItemProxy */ = {
			isa = PBXContainerItemProxy;
			containerPortal = 912D50781C8028220072401E /* Project object */;
			proxyType = 1;
			remoteGlobalIDString = 912D507F1C8028220072401E;
			remoteInfo = SSFAnalysis;
		};
		912D50A51C8028220072401E /* PBXContainerItemProxy */ = {
			isa = PBXContainerItemProxy;
			containerPortal = 912D50781C8028220072401E /* Project object */;
			proxyType = 1;
			remoteGlobalIDString = 912D507F1C8028220072401E;
			remoteInfo = SSFAnalysis;
		};
/* End PBXContainerItemProxy section */

/* Begin PBXFileReference section */
		912D50801C8028220072401E /* SSFAnalysis.app */ = {isa = PBXFileReference; explicitFileType = wrapper.application; includeInIndex = 0; path = SSFAnalysis.app; sourceTree = BUILT_PRODUCTS_DIR; };
		912D50841C8028220072401E /* main.m */ = {isa = PBXFileReference; lastKnownFileType = sourcecode.c.objc; path = main.m; sourceTree = "<group>"; };
		912D508D1C8028220072401E /* Base */ = {isa = PBXFileReference; lastKnownFileType = file.storyboard; name = Base; path = Base.lproj/Main.storyboard; sourceTree = "<group>"; };
		912D508F1C8028220072401E /* Assets.xcassets */ = {isa = PBXFileReference; lastKnownFileType = folder.assetcatalog; path = Assets.xcassets; sourceTree = "<group>"; };
		912D50921C8028220072401E /* Base */ = {isa = PBXFileReference; lastKnownFileType = file.storyboard; name = Base; path = Base.lproj/LaunchScreen.storyboard; sourceTree = "<group>"; };
		912D50941C8028220072401E /* Info.plist */ = {isa = PBXFileReference; lastKnownFileType = text.plist.xml; path = Info.plist; sourceTree = "<group>"; };
		912D50991C8028220072401E /* SSFAnalysisTests.xctest */ = {isa = PBXFileReference; explicitFileType = wrapper.cfbundle; includeInIndex = 0; path = SSFAnalysisTests.xctest; sourceTree = BUILT_PRODUCTS_DIR; };
		912D509D1C8028220072401E /* SSFAnalysisTests.m */ = {isa = PBXFileReference; lastKnownFileType = sourcecode.c.objc; path = SSFAnalysisTests.m; sourceTree = "<group>"; };
		912D509F1C8028220072401E /* Info.plist */ = {isa = PBXFileReference; lastKnownFileType = text.plist.xml; path = Info.plist; sourceTree = "<group>"; };
		912D50A41C8028220072401E /* SSFAnalysisUITests.xctest */ = {isa = PBXFileReference; explicitFileType = wrapper.cfbundle; includeInIndex = 0; path = SSFAnalysisUITests.xctest; sourceTree = BUILT_PRODUCTS_DIR; };
		912D50A81C8028220072401E /* SSFAnalysisUITests.m */ = {isa = PBXFileReference; lastKnownFileType = sourcecode.c.objc; path = SSFAnalysisUITests.m; sourceTree = "<group>"; };
		912D50AA1C8028220072401E /* Info.plist */ = {isa = PBXFileReference; lastKnownFileType = text.plist.xml; path = Info.plist; sourceTree = "<group>"; };
		912D50C71C80329A0072401E /* NSDate+IntervalFrom1970.h */ = {isa = PBXFileReference; fileEncoding = 4; lastKnownFileType = sourcecode.c.h; path = "NSDate+IntervalFrom1970.h"; sourceTree = "<group>"; };
		912D50C81C80329A0072401E /* NSDate+IntervalFrom1970.m */ = {isa = PBXFileReference; fileEncoding = 4; lastKnownFileType = sourcecode.c.objc; path = "NSDate+IntervalFrom1970.m"; sourceTree = "<group>"; };
		912D50C91C80329A0072401E /* NSDate+TimeString.h */ = {isa = PBXFileReference; fileEncoding = 4; lastKnownFileType = sourcecode.c.h; path = "NSDate+TimeString.h"; sourceTree = "<group>"; };
		912D50CA1C80329A0072401E /* NSDate+TimeString.m */ = {isa = PBXFileReference; fileEncoding = 4; lastKnownFileType = sourcecode.c.objc; path = "NSDate+TimeString.m"; sourceTree = "<group>"; };
		912D50CB1C80329A0072401E /* NSDictionary+SafetyCheck.h */ = {isa = PBXFileReference; fileEncoding = 4; lastKnownFileType = sourcecode.c.h; path = "NSDictionary+SafetyCheck.h"; sourceTree = "<group>"; };
		912D50CC1C80329A0072401E /* NSDictionary+SafetyCheck.m */ = {isa = PBXFileReference; fileEncoding = 4; lastKnownFileType = sourcecode.c.objc; path = "NSDictionary+SafetyCheck.m"; sourceTree = "<group>"; };
		912D50CF1C80329A0072401E /* NSString+RegularCheck.h */ = {isa = PBXFileReference; fileEncoding = 4; lastKnownFileType = sourcecode.c.h; path = "NSString+RegularCheck.h"; sourceTree = "<group>"; };
		912D50D01C80329A0072401E /* NSString+RegularCheck.m */ = {isa = PBXFileReference; fileEncoding = 4; lastKnownFileType = sourcecode.c.objc; path = "NSString+RegularCheck.m"; sourceTree = "<group>"; };
		912D50D11C80329A0072401E /* UIImage+ScaleSize.h */ = {isa = PBXFileReference; fileEncoding = 4; lastKnownFileType = sourcecode.c.h; path = "UIImage+ScaleSize.h"; sourceTree = "<group>"; };
		912D50D21C80329A0072401E /* UIImage+ScaleSize.m */ = {isa = PBXFileReference; fileEncoding = 4; lastKnownFileType = sourcecode.c.objc; path = "UIImage+ScaleSize.m"; sourceTree = "<group>"; };
		912D50D91C8032AF0072401E /* CZSShowSimpleAlert.h */ = {isa = PBXFileReference; fileEncoding = 4; lastKnownFileType = sourcecode.c.h; path = CZSShowSimpleAlert.h; sourceTree = "<group>"; };
		912D50DA1C8032AF0072401E /* CZSShowSimpleAlert.m */ = {isa = PBXFileReference; fileEncoding = 4; lastKnownFileType = sourcecode.c.objc; path = CZSShowSimpleAlert.m; sourceTree = "<group>"; };
		912D50DB1C8032AF0072401E /* MBProgressHUD.h */ = {isa = PBXFileReference; fileEncoding = 4; lastKnownFileType = sourcecode.c.h; path = MBProgressHUD.h; sourceTree = "<group>"; };
		912D50DC1C8032AF0072401E /* MBProgressHUD.m */ = {isa = PBXFileReference; fileEncoding = 4; lastKnownFileType = sourcecode.c.objc; path = MBProgressHUD.m; sourceTree = "<group>"; };
		912D50DE1C8032AF0072401E /* GSReachability.h */ = {isa = PBXFileReference; fileEncoding = 4; lastKnownFileType = sourcecode.c.h; path = GSReachability.h; sourceTree = "<group>"; };
		912D50DF1C8032AF0072401E /* GSReachability.m */ = {isa = PBXFileReference; fileEncoding = 4; lastKnownFileType = sourcecode.c.objc; path = GSReachability.m; sourceTree = "<group>"; };
		912D50E01C8032AF0072401E /* Reachability.h */ = {isa = PBXFileReference; fileEncoding = 4; lastKnownFileType = sourcecode.c.h; path = Reachability.h; sourceTree = "<group>"; };
		912D50E11C8032AF0072401E /* Reachability.m */ = {isa = PBXFileReference; fileEncoding = 4; lastKnownFileType = sourcecode.c.objc; path = Reachability.m; sourceTree = "<group>"; };
		912D50E91C8046880072401E /* SSFLineChartView.h */ = {isa = PBXFileReference; fileEncoding = 4; lastKnownFileType = sourcecode.c.h; path = SSFLineChartView.h; sourceTree = "<group>"; };
		912D50EA1C8046880072401E /* SSFLineChartView.m */ = {isa = PBXFileReference; fileEncoding = 4; lastKnownFileType = sourcecode.c.objc; path = SSFLineChartView.m; sourceTree = "<group>"; };
		912D50EC1C993F020072401E /* SSFLoginView.h */ = {isa = PBXFileReference; fileEncoding = 4; lastKnownFileType = sourcecode.c.h; path = SSFLoginView.h; sourceTree = "<group>"; };
		912D50ED1C993F020072401E /* SSFLoginView.m */ = {isa = PBXFileReference; fileEncoding = 4; lastKnownFileType = sourcecode.c.objc; path = SSFLoginView.m; sourceTree = "<group>"; };
		912D50EF1C9946B00072401E /* PrefixHeader.pch */ = {isa = PBXFileReference; lastKnownFileType = sourcecode.c.h; path = PrefixHeader.pch; sourceTree = "<group>"; };
		912D50F31C9A489F0072401E /* SSFGravityCollisionBehavior.h */ = {isa = PBXFileReference; fileEncoding = 4; lastKnownFileType = sourcecode.c.h; path = SSFGravityCollisionBehavior.h; sourceTree = "<group>"; };
		912D50F41C9A489F0072401E /* SSFGravityCollisionBehavior.m */ = {isa = PBXFileReference; fileEncoding = 4; lastKnownFileType = sourcecode.c.objc; path = SSFGravityCollisionBehavior.m; sourceTree = "<group>"; };
		912D50F61C9A82A40072401E /* SSFNetWork.h */ = {isa = PBXFileReference; fileEncoding = 4; lastKnownFileType = sourcecode.c.h; path = SSFNetWork.h; sourceTree = "<group>"; };
		912D50F71C9A82A40072401E /* SSFNetWork.m */ = {isa = PBXFileReference; fileEncoding = 4; lastKnownFileType = sourcecode.c.objc; path = SSFNetWork.m; sourceTree = "<group>"; };
		912D50F81C9A82A40072401E /* SSFNetWorkDelegate.h */ = {isa = PBXFileReference; fileEncoding = 4; lastKnownFileType = sourcecode.c.h; path = SSFNetWorkDelegate.h; sourceTree = "<group>"; };
		912D50F91C9A82A40072401E /* SSFNetWorkDelegate.m */ = {isa = PBXFileReference; fileEncoding = 4; lastKnownFileType = sourcecode.c.objc; path = SSFNetWorkDelegate.m; sourceTree = "<group>"; };
		912D50FC1C9A85D30072401E /* NSString+Tony.h */ = {isa = PBXFileReference; fileEncoding = 4; lastKnownFileType = sourcecode.c.h; path = "NSString+Tony.h"; sourceTree = "<group>"; };
		912D50FD1C9A85D30072401E /* NSString+Tony.m */ = {isa = PBXFileReference; fileEncoding = 4; lastKnownFileType = sourcecode.c.objc; path = "NSString+Tony.m"; sourceTree = "<group>"; };
		912D50FF1C9A8BA80072401E /* SSFAnalysisManager.h */ = {isa = PBXFileReference; fileEncoding = 4; lastKnownFileType = sourcecode.c.h; path = SSFAnalysisManager.h; sourceTree = "<group>"; };
		912D51001C9A8BA80072401E /* SSFAnalysisManager.m */ = {isa = PBXFileReference; fileEncoding = 4; lastKnownFileType = sourcecode.c.objc; path = SSFAnalysisManager.m; sourceTree = "<group>"; };
		912D51021C9A9F870072401E /* RoundButton.h */ = {isa = PBXFileReference; fileEncoding = 4; lastKnownFileType = sourcecode.c.h; path = RoundButton.h; sourceTree = "<group>"; };
		912D51031C9A9F870072401E /* RoundButton.m */ = {isa = PBXFileReference; fileEncoding = 4; lastKnownFileType = sourcecode.c.objc; path = RoundButton.m; sourceTree = "<group>"; };
		912D51091C9BA2D00072401E /* Analysis.xcdatamodel */ = {isa = PBXFileReference; lastKnownFileType = wrapper.xcdatamodel; path = Analysis.xcdatamodel; sourceTree = "<group>"; };
		912D510B1C9BA7280072401E /* User+CoreDataProperties.h */ = {isa = PBXFileReference; fileEncoding = 4; lastKnownFileType = sourcecode.c.h; path = "User+CoreDataProperties.h"; sourceTree = "<group>"; };
		912D510C1C9BA7280072401E /* User+CoreDataProperties.m */ = {isa = PBXFileReference; fileEncoding = 4; lastKnownFileType = sourcecode.c.objc; path = "User+CoreDataProperties.m"; sourceTree = "<group>"; };
		912D510D1C9BA7280072401E /* User.h */ = {isa = PBXFileReference; fileEncoding = 4; lastKnownFileType = sourcecode.c.h; path = User.h; sourceTree = "<group>"; };
		912D510E1C9BA7280072401E /* User.m */ = {isa = PBXFileReference; fileEncoding = 4; lastKnownFileType = sourcecode.c.objc; path = User.m; sourceTree = "<group>"; };
		912D51111C9BE2020072401E /* CoreDataManager.h */ = {isa = PBXFileReference; fileEncoding = 4; lastKnownFileType = sourcecode.c.h; path = CoreDataManager.h; sourceTree = "<group>"; };
		912D51121C9BE2020072401E /* CoreDataManager.m */ = {isa = PBXFileReference; fileEncoding = 4; lastKnownFileType = sourcecode.c.objc; path = CoreDataManager.m; sourceTree = "<group>"; };
		912D511A1C9FE18A0072401E /* Bill+CoreDataProperties.h */ = {isa = PBXFileReference; fileEncoding = 4; lastKnownFileType = sourcecode.c.h; path = "Bill+CoreDataProperties.h"; sourceTree = "<group>"; };
		912D511B1C9FE18A0072401E /* Bill+CoreDataProperties.m */ = {isa = PBXFileReference; fileEncoding = 4; lastKnownFileType = sourcecode.c.objc; path = "Bill+CoreDataProperties.m"; sourceTree = "<group>"; };
		912D511C1C9FE18A0072401E /* Bill.h */ = {isa = PBXFileReference; fileEncoding = 4; lastKnownFileType = sourcecode.c.h; path = Bill.h; sourceTree = "<group>"; };
		912D511D1C9FE18A0072401E /* Bill.m */ = {isa = PBXFileReference; fileEncoding = 4; lastKnownFileType = sourcecode.c.objc; path = Bill.m; sourceTree = "<group>"; };
		912D51231CA393A70072401E /* BillTableViewCell.h */ = {isa = PBXFileReference; fileEncoding = 4; lastKnownFileType = sourcecode.c.h; path = BillTableViewCell.h; sourceTree = "<group>"; };
		912D51241CA393A70072401E /* BillTableViewCell.m */ = {isa = PBXFileReference; fileEncoding = 4; lastKnownFileType = sourcecode.c.objc; path = BillTableViewCell.m; sourceTree = "<group>"; };
		914144241CA90AD30091B5B1 /* CoreDataFetchedResultsTableViewController.h */ = {isa = PBXFileReference; fileEncoding = 4; lastKnownFileType = sourcecode.c.h; path = CoreDataFetchedResultsTableViewController.h; sourceTree = "<group>"; };
		914144251CA90AD30091B5B1 /* CoreDataFetchedResultsTableViewController.m */ = {isa = PBXFileReference; fileEncoding = 4; lastKnownFileType = sourcecode.c.objc; path = CoreDataFetchedResultsTableViewController.m; sourceTree = "<group>"; };
		914144271CA90AD30091B5B1 /* AppDelegate+ShowLoginOrMain.h */ = {isa = PBXFileReference; fileEncoding = 4; lastKnownFileType = sourcecode.c.h; path = "AppDelegate+ShowLoginOrMain.h"; sourceTree = "<group>"; };
		914144281CA90AD30091B5B1 /* AppDelegate+ShowLoginOrMain.m */ = {isa = PBXFileReference; fileEncoding = 4; lastKnownFileType = sourcecode.c.objc; path = "AppDelegate+ShowLoginOrMain.m"; sourceTree = "<group>"; };
		914144291CA90AD30091B5B1 /* AppDelegate.h */ = {isa = PBXFileReference; fileEncoding = 4; lastKnownFileType = sourcecode.c.h; path = AppDelegate.h; sourceTree = "<group>"; };
		9141442A1CA90AD30091B5B1 /* AppDelegate.m */ = {isa = PBXFileReference; fileEncoding = 4; lastKnownFileType = sourcecode.c.objc; path = AppDelegate.m; sourceTree = "<group>"; };
		9141442B1CA90AD30091B5B1 /* SSFLoginViewController.h */ = {isa = PBXFileReference; fileEncoding = 4; lastKnownFileType = sourcecode.c.h; path = SSFLoginViewController.h; sourceTree = "<group>"; };
		9141442C1CA90AD30091B5B1 /* SSFLoginViewController.m */ = {isa = PBXFileReference; fileEncoding = 4; lastKnownFileType = sourcecode.c.objc; path = SSFLoginViewController.m; sourceTree = "<group>"; };
		9141442E1CA90AD30091B5B1 /* SSFMainTabBarViewController.h */ = {isa = PBXFileReference; fileEncoding = 4; lastKnownFileType = sourcecode.c.h; path = SSFMainTabBarViewController.h; sourceTree = "<group>"; };
		9141442F1CA90AD30091B5B1 /* SSFMainTabBarViewController.m */ = {isa = PBXFileReference; fileEncoding = 4; lastKnownFileType = sourcecode.c.objc; path = SSFMainTabBarViewController.m; sourceTree = "<group>"; };
		914144311CA90AD30091B5B1 /* SSFRecordBillViewController.h */ = {isa = PBXFileReference; fileEncoding = 4; lastKnownFileType = sourcecode.c.h; path = SSFRecordBillViewController.h; sourceTree = "<group>"; };
		914144321CA90AD30091B5B1 /* SSFRecordBillViewController.m */ = {isa = PBXFileReference; fileEncoding = 4; lastKnownFileType = sourcecode.c.objc; path = SSFRecordBillViewController.m; sourceTree = "<group>"; };
		914144331CA90AD30091B5B1 /* SSFTodayViewController.h */ = {isa = PBXFileReference; fileEncoding = 4; lastKnownFileType = sourcecode.c.h; path = SSFTodayViewController.h; sourceTree = "<group>"; };
		914144341CA90AD30091B5B1 /* SSFTodayViewController.m */ = {isa = PBXFileReference; fileEncoding = 4; lastKnownFileType = sourcecode.c.objc; path = SSFTodayViewController.m; sourceTree = "<group>"; };
		914791781CA3C99E0036A40D /* OptionCollectionViewCell.h */ = {isa = PBXFileReference; fileEncoding = 4; lastKnownFileType = sourcecode.c.h; path = OptionCollectionViewCell.h; sourceTree = "<group>"; };
		914791791CA3C99E0036A40D /* OptionCollectionViewCell.m */ = {isa = PBXFileReference; fileEncoding = 4; lastKnownFileType = sourcecode.c.objc; path = OptionCollectionViewCell.m; sourceTree = "<group>"; };
		9147917B1CA3EB870036A40D /* SSFMoneyTypeManager.h */ = {isa = PBXFileReference; fileEncoding = 4; lastKnownFileType = sourcecode.c.h; path = SSFMoneyTypeManager.h; sourceTree = "<group>"; };
		9147917C1CA3EB870036A40D /* SSFMoneyTypeManager.m */ = {isa = PBXFileReference; fileEncoding = 4; lastKnownFileType = sourcecode.c.objc; path = SSFMoneyTypeManager.m; sourceTree = "<group>"; };
		91B339061CC0C7E40055D017 /* SSFAnalysisChartTableViewController.h */ = {isa = PBXFileReference; fileEncoding = 4; lastKnownFileType = sourcecode.c.h; path = SSFAnalysisChartTableViewController.h; sourceTree = "<group>"; };
		91B339071CC0C7E40055D017 /* SSFAnalysisChartTableViewController.m */ = {isa = PBXFileReference; fileEncoding = 4; lastKnownFileType = sourcecode.c.objc; path = SSFAnalysisChartTableViewController.m; sourceTree = "<group>"; };
/* End PBXFileReference section */

/* Begin PBXFrameworksBuildPhase section */
		912D507D1C8028220072401E /* Frameworks */ = {
			isa = PBXFrameworksBuildPhase;
			buildActionMask = 2147483647;
			files = (
			);
			runOnlyForDeploymentPostprocessing = 0;
		};
		912D50961C8028220072401E /* Frameworks */ = {
			isa = PBXFrameworksBuildPhase;
			buildActionMask = 2147483647;
			files = (
			);
			runOnlyForDeploymentPostprocessing = 0;
		};
		912D50A11C8028220072401E /* Frameworks */ = {
			isa = PBXFrameworksBuildPhase;
			buildActionMask = 2147483647;
			files = (
			);
			runOnlyForDeploymentPostprocessing = 0;
		};
/* End PBXFrameworksBuildPhase section */

/* Begin PBXGroup section */
		912D50771C8028220072401E = {
			isa = PBXGroup;
			children = (
				912D50821C8028220072401E /* SSFAnalysis */,
				912D509C1C8028220072401E /* SSFAnalysisTests */,
				912D50A71C8028220072401E /* SSFAnalysisUITests */,
				912D50811C8028220072401E /* Products */,
			);
			sourceTree = "<group>";
		};
		912D50811C8028220072401E /* Products */ = {
			isa = PBXGroup;
			children = (
				912D50801C8028220072401E /* SSFAnalysis.app */,
				912D50991C8028220072401E /* SSFAnalysisTests.xctest */,
				912D50A41C8028220072401E /* SSFAnalysisUITests.xctest */,
			);
			name = Products;
			sourceTree = "<group>";
		};
		912D50821C8028220072401E /* SSFAnalysis */ = {
			isa = PBXGroup;
			children = (
				912D50BC1C8031750072401E /* Main */,
				912D50B61C8031750072401E /* Expansion */,
				912D50C41C8031750072401E /* Vender */,
				912D50831C8028220072401E /* Supporting Files */,
			);
			path = SSFAnalysis;
			sourceTree = "<group>";
		};
		912D50831C8028220072401E /* Supporting Files */ = {
			isa = PBXGroup;
			children = (
				912D508F1C8028220072401E /* Assets.xcassets */,
				912D50941C8028220072401E /* Info.plist */,
				912D508C1C8028220072401E /* Main.storyboard */,
				912D50911C8028220072401E /* LaunchScreen.storyboard */,
				912D50841C8028220072401E /* main.m */,
				912D50EF1C9946B00072401E /* PrefixHeader.pch */,
			);
			name = "Supporting Files";
			sourceTree = "<group>";
		};
		912D509C1C8028220072401E /* SSFAnalysisTests */ = {
			isa = PBXGroup;
			children = (
				912D509D1C8028220072401E /* SSFAnalysisTests.m */,
				912D509F1C8028220072401E /* Info.plist */,
			);
			path = SSFAnalysisTests;
			sourceTree = "<group>";
		};
		912D50A71C8028220072401E /* SSFAnalysisUITests */ = {
			isa = PBXGroup;
			children = (
				912D50A81C8028220072401E /* SSFAnalysisUITests.m */,
				912D50AA1C8028220072401E /* Info.plist */,
			);
			path = SSFAnalysisUITests;
			sourceTree = "<group>";
		};
		912D50B61C8031750072401E /* Expansion */ = {
			isa = PBXGroup;
			children = (
				912D50B71C8031750072401E /* Category */,
				912D50B81C8031750072401E /* DataBase */,
				912D50B91C8031750072401E /* Handler */,
				912D50BA1C8031750072401E /* Network */,
				912D50BB1C8031750072401E /* SystemUtils */,
			);
			path = Expansion;
			sourceTree = "<group>";
		};
		912D50B71C8031750072401E /* Category */ = {
			isa = PBXGroup;
			children = (
				912D50FC1C9A85D30072401E /* NSString+Tony.h */,
				912D50FD1C9A85D30072401E /* NSString+Tony.m */,
				912D50C71C80329A0072401E /* NSDate+IntervalFrom1970.h */,
				912D50C81C80329A0072401E /* NSDate+IntervalFrom1970.m */,
				912D50C91C80329A0072401E /* NSDate+TimeString.h */,
				912D50CA1C80329A0072401E /* NSDate+TimeString.m */,
				912D50CB1C80329A0072401E /* NSDictionary+SafetyCheck.h */,
				912D50CC1C80329A0072401E /* NSDictionary+SafetyCheck.m */,
				912D50CF1C80329A0072401E /* NSString+RegularCheck.h */,
				912D50D01C80329A0072401E /* NSString+RegularCheck.m */,
				912D50D11C80329A0072401E /* UIImage+ScaleSize.h */,
				912D50D21C80329A0072401E /* UIImage+ScaleSize.m */,
			);
			path = Category;
			sourceTree = "<group>";
		};
		912D50B81C8031750072401E /* DataBase */ = {
			isa = PBXGroup;
			children = (
				912D51111C9BE2020072401E /* CoreDataManager.h */,
				912D51121C9BE2020072401E /* CoreDataManager.m */,
				912D51081C9BA2D00072401E /* Analysis.xcdatamodeld */,
				912D510B1C9BA7280072401E /* User+CoreDataProperties.h */,
				912D510C1C9BA7280072401E /* User+CoreDataProperties.m */,
				912D510D1C9BA7280072401E /* User.h */,
				912D510E1C9BA7280072401E /* User.m */,
				912D511A1C9FE18A0072401E /* Bill+CoreDataProperties.h */,
				912D511B1C9FE18A0072401E /* Bill+CoreDataProperties.m */,
				912D511C1C9FE18A0072401E /* Bill.h */,
				912D511D1C9FE18A0072401E /* Bill.m */,
			);
			path = DataBase;
			sourceTree = "<group>";
		};
		912D50B91C8031750072401E /* Handler */ = {
			isa = PBXGroup;
			children = (
				912D50FF1C9A8BA80072401E /* SSFAnalysisManager.h */,
				912D51001C9A8BA80072401E /* SSFAnalysisManager.m */,
				9147917B1CA3EB870036A40D /* SSFMoneyTypeManager.h */,
				9147917C1CA3EB870036A40D /* SSFMoneyTypeManager.m */,
			);
			path = Handler;
			sourceTree = "<group>";
		};
		912D50BA1C8031750072401E /* Network */ = {
			isa = PBXGroup;
			children = (
				912D50F61C9A82A40072401E /* SSFNetWork.h */,
				912D50F71C9A82A40072401E /* SSFNetWork.m */,
				912D50F81C9A82A40072401E /* SSFNetWorkDelegate.h */,
				912D50F91C9A82A40072401E /* SSFNetWorkDelegate.m */,
			);
			path = Network;
			sourceTree = "<group>";
		};
		912D50BB1C8031750072401E /* SystemUtils */ = {
			isa = PBXGroup;
			children = (
				912D50DD1C8032AF0072401E /* reachabilty */,
				912D50D91C8032AF0072401E /* CZSShowSimpleAlert.h */,
				912D50DA1C8032AF0072401E /* CZSShowSimpleAlert.m */,
				912D50DB1C8032AF0072401E /* MBProgressHUD.h */,
				912D50DC1C8032AF0072401E /* MBProgressHUD.m */,
				912D50F31C9A489F0072401E /* SSFGravityCollisionBehavior.h */,
				912D50F41C9A489F0072401E /* SSFGravityCollisionBehavior.m */,
				912D51021C9A9F870072401E /* RoundButton.h */,
				912D51031C9A9F870072401E /* RoundButton.m */,
			);
			path = SystemUtils;
			sourceTree = "<group>";
		};
		912D50BC1C8031750072401E /* Main */ = {
			isa = PBXGroup;
			children = (
				912D50BD1C8031750072401E /* Controller */,
				912D50C21C8031750072401E /* Model */,
				912D50C31C8031750072401E /* View */,
			);
			path = Main;
			sourceTree = "<group>";
		};
		912D50BD1C8031750072401E /* Controller */ = {
			isa = PBXGroup;
			children = (
				914144231CA90AD30091B5B1 /* CoreDataFetchedResultsController */,
				914144261CA90AD30091B5B1 /* LoginAndRegister */,
				9141442D1CA90AD30091B5B1 /* MainController */,
				914144301CA90AD30091B5B1 /* Today */,
				91B339061CC0C7E40055D017 /* SSFAnalysisChartTableViewController.h */,
				91B339071CC0C7E40055D017 /* SSFAnalysisChartTableViewController.m */,
			);
			path = Controller;
			sourceTree = "<group>";
		};
		912D50C21C8031750072401E /* Model */ = {
			isa = PBXGroup;
			children = (
			);
			path = Model;
			sourceTree = "<group>";
		};
		912D50C31C8031750072401E /* View */ = {
			isa = PBXGroup;
			children = (
				912D50E91C8046880072401E /* SSFLineChartView.h */,
				912D50EA1C8046880072401E /* SSFLineChartView.m */,
				912D50EC1C993F020072401E /* SSFLoginView.h */,
				912D50ED1C993F020072401E /* SSFLoginView.m */,
				912D51231CA393A70072401E /* BillTableViewCell.h */,
				912D51241CA393A70072401E /* BillTableViewCell.m */,
				914791781CA3C99E0036A40D /* OptionCollectionViewCell.h */,
				914791791CA3C99E0036A40D /* OptionCollectionViewCell.m */,
			);
			path = View;
			sourceTree = "<group>";
		};
		912D50C41C8031750072401E /* Vender */ = {
			isa = PBXGroup;
			children = (
			);
			path = Vender;
			sourceTree = "<group>";
		};
		912D50DD1C8032AF0072401E /* reachabilty */ = {
			isa = PBXGroup;
			children = (
				912D50DE1C8032AF0072401E /* GSReachability.h */,
				912D50DF1C8032AF0072401E /* GSReachability.m */,
				912D50E01C8032AF0072401E /* Reachability.h */,
				912D50E11C8032AF0072401E /* Reachability.m */,
			);
			path = reachabilty;
			sourceTree = "<group>";
		};
		914144231CA90AD30091B5B1 /* CoreDataFetchedResultsController */ = {
			isa = PBXGroup;
			children = (
				914144241CA90AD30091B5B1 /* CoreDataFetchedResultsTableViewController.h */,
				914144251CA90AD30091B5B1 /* CoreDataFetchedResultsTableViewController.m */,
			);
			path = CoreDataFetchedResultsController;
			sourceTree = "<group>";
		};
		914144261CA90AD30091B5B1 /* LoginAndRegister */ = {
			isa = PBXGroup;
			children = (
				914144271CA90AD30091B5B1 /* AppDelegate+ShowLoginOrMain.h */,
				914144281CA90AD30091B5B1 /* AppDelegate+ShowLoginOrMain.m */,
				914144291CA90AD30091B5B1 /* AppDelegate.h */,
				9141442A1CA90AD30091B5B1 /* AppDelegate.m */,
				9141442B1CA90AD30091B5B1 /* SSFLoginViewController.h */,
				9141442C1CA90AD30091B5B1 /* SSFLoginViewController.m */,
			);
			path = LoginAndRegister;
			sourceTree = "<group>";
		};
		9141442D1CA90AD30091B5B1 /* MainController */ = {
			isa = PBXGroup;
			children = (
				9141442E1CA90AD30091B5B1 /* SSFMainTabBarViewController.h */,
				9141442F1CA90AD30091B5B1 /* SSFMainTabBarViewController.m */,
			);
			path = MainController;
			sourceTree = "<group>";
		};
		914144301CA90AD30091B5B1 /* Today */ = {
			isa = PBXGroup;
			children = (
				914144311CA90AD30091B5B1 /* SSFRecordBillViewController.h */,
				914144321CA90AD30091B5B1 /* SSFRecordBillViewController.m */,
				914144331CA90AD30091B5B1 /* SSFTodayViewController.h */,
				914144341CA90AD30091B5B1 /* SSFTodayViewController.m */,
			);
			path = Today;
			sourceTree = "<group>";
		};
/* End PBXGroup section */

/* Begin PBXNativeTarget section */
		912D507F1C8028220072401E /* SSFAnalysis */ = {
			isa = PBXNativeTarget;
			buildConfigurationList = 912D50AD1C8028220072401E /* Build configuration list for PBXNativeTarget "SSFAnalysis" */;
			buildPhases = (
				912D507C1C8028220072401E /* Sources */,
				912D507D1C8028220072401E /* Frameworks */,
				912D507E1C8028220072401E /* Resources */,
			);
			buildRules = (
			);
			dependencies = (
			);
			name = SSFAnalysis;
			productName = SSFAnalysis;
			productReference = 912D50801C8028220072401E /* SSFAnalysis.app */;
			productType = "com.apple.product-type.application";
		};
		912D50981C8028220072401E /* SSFAnalysisTests */ = {
			isa = PBXNativeTarget;
			buildConfigurationList = 912D50B01C8028220072401E /* Build configuration list for PBXNativeTarget "SSFAnalysisTests" */;
			buildPhases = (
				912D50951C8028220072401E /* Sources */,
				912D50961C8028220072401E /* Frameworks */,
				912D50971C8028220072401E /* Resources */,
			);
			buildRules = (
			);
			dependencies = (
				912D509B1C8028220072401E /* PBXTargetDependency */,
			);
			name = SSFAnalysisTests;
			productName = SSFAnalysisTests;
			productReference = 912D50991C8028220072401E /* SSFAnalysisTests.xctest */;
			productType = "com.apple.product-type.bundle.unit-test";
		};
		912D50A31C8028220072401E /* SSFAnalysisUITests */ = {
			isa = PBXNativeTarget;
			buildConfigurationList = 912D50B31C8028220072401E /* Build configuration list for PBXNativeTarget "SSFAnalysisUITests" */;
			buildPhases = (
				912D50A01C8028220072401E /* Sources */,
				912D50A11C8028220072401E /* Frameworks */,
				912D50A21C8028220072401E /* Resources */,
			);
			buildRules = (
			);
			dependencies = (
				912D50A61C8028220072401E /* PBXTargetDependency */,
			);
			name = SSFAnalysisUITests;
			productName = SSFAnalysisUITests;
			productReference = 912D50A41C8028220072401E /* SSFAnalysisUITests.xctest */;
			productType = "com.apple.product-type.bundle.ui-testing";
		};
/* End PBXNativeTarget section */

/* Begin PBXProject section */
		912D50781C8028220072401E /* Project object */ = {
			isa = PBXProject;
			attributes = {
				LastUpgradeCheck = 0720;
				ORGANIZATIONNAME = "赛峰 施";
				TargetAttributes = {
					912D507F1C8028220072401E = {
						CreatedOnToolsVersion = 7.2;
					};
					912D50981C8028220072401E = {
						CreatedOnToolsVersion = 7.2;
						TestTargetID = 912D507F1C8028220072401E;
					};
					912D50A31C8028220072401E = {
						CreatedOnToolsVersion = 7.2;
						TestTargetID = 912D507F1C8028220072401E;
					};
				};
			};
			buildConfigurationList = 912D507B1C8028220072401E /* Build configuration list for PBXProject "SSFAnalysis" */;
			compatibilityVersion = "Xcode 3.2";
			developmentRegion = English;
			hasScannedForEncodings = 0;
			knownRegions = (
				en,
				Base,
			);
			mainGroup = 912D50771C8028220072401E;
			productRefGroup = 912D50811C8028220072401E /* Products */;
			projectDirPath = "";
			projectRoot = "";
			targets = (
				912D507F1C8028220072401E /* SSFAnalysis */,
				912D50981C8028220072401E /* SSFAnalysisTests */,
				912D50A31C8028220072401E /* SSFAnalysisUITests */,
			);
		};
/* End PBXProject section */

/* Begin PBXResourcesBuildPhase section */
		912D507E1C8028220072401E /* Resources */ = {
			isa = PBXResourcesBuildPhase;
			buildActionMask = 2147483647;
			files = (
				912D50931C8028220072401E /* LaunchScreen.storyboard in Resources */,
				912D50901C8028220072401E /* Assets.xcassets in Resources */,
				912D508E1C8028220072401E /* Main.storyboard in Resources */,
			);
			runOnlyForDeploymentPostprocessing = 0;
		};
		912D50971C8028220072401E /* Resources */ = {
			isa = PBXResourcesBuildPhase;
			buildActionMask = 2147483647;
			files = (
			);
			runOnlyForDeploymentPostprocessing = 0;
		};
		912D50A21C8028220072401E /* Resources */ = {
			isa = PBXResourcesBuildPhase;
			buildActionMask = 2147483647;
			files = (
			);
			runOnlyForDeploymentPostprocessing = 0;
		};
/* End PBXResourcesBuildPhase section */

/* Begin PBXSourcesBuildPhase section */
		912D507C1C8028220072401E /* Sources */ = {
			isa = PBXSourcesBuildPhase;
			buildActionMask = 2147483647;
			files = (
				912D50FA1C9A82A40072401E /* SSFNetWork.m in Sources */,
				914144351CA90AD30091B5B1 /* CoreDataFetchedResultsTableViewController.m in Sources */,
				912D50E51C8032AF0072401E /* Reachability.m in Sources */,
				912D51131C9BE2020072401E /* CoreDataManager.m in Sources */,
				912D50FE1C9A85D30072401E /* NSString+Tony.m in Sources */,
				912D510F1C9BA7280072401E /* User+CoreDataProperties.m in Sources */,
				912D50EE1C993F020072401E /* SSFLoginView.m in Sources */,
				91B339081CC0C7E40055D017 /* SSFAnalysisChartTableViewController.m in Sources */,
				912D51251CA393A70072401E /* BillTableViewCell.m in Sources */,
				912D50D31C80329A0072401E /* NSDate+IntervalFrom1970.m in Sources */,
				9147917D1CA3EB870036A40D /* SSFMoneyTypeManager.m in Sources */,
				912D50FB1C9A82A40072401E /* SSFNetWorkDelegate.m in Sources */,
				912D50D81C80329A0072401E /* UIImage+ScaleSize.m in Sources */,
				912D51101C9BA7280072401E /* User.m in Sources */,
				912D510A1C9BA2D00072401E /* Analysis.xcdatamodeld in Sources */,
				914144371CA90AD30091B5B1 /* AppDelegate.m in Sources */,
				912D50D41C80329A0072401E /* NSDate+TimeString.m in Sources */,
				914144361CA90AD30091B5B1 /* AppDelegate+ShowLoginOrMain.m in Sources */,
				912D50E31C8032AF0072401E /* MBProgressHUD.m in Sources */,
				912D50F51C9A489F0072401E /* SSFGravityCollisionBehavior.m in Sources */,
				912D50D51C80329A0072401E /* NSDictionary+SafetyCheck.m in Sources */,
				914144391CA90AD30091B5B1 /* SSFMainTabBarViewController.m in Sources */,
				912D50E41C8032AF0072401E /* GSReachability.m in Sources */,
				912D50E21C8032AF0072401E /* CZSShowSimpleAlert.m in Sources */,
				912D50EB1C8046880072401E /* SSFLineChartView.m in Sources */,
				912D50D71C80329A0072401E /* NSString+RegularCheck.m in Sources */,
				9141443B1CA90AD30091B5B1 /* SSFTodayViewController.m in Sources */,
				912D51041C9A9F870072401E /* RoundButton.m in Sources */,
				912D511F1C9FE18A0072401E /* Bill.m in Sources */,
				914144381CA90AD30091B5B1 /* SSFLoginViewController.m in Sources */,
				912D51011C9A8BA80072401E /* SSFAnalysisManager.m in Sources */,
				912D511E1C9FE18A0072401E /* Bill+CoreDataProperties.m in Sources */,
				912D50851C8028220072401E /* main.m in Sources */,
				9141443A1CA90AD30091B5B1 /* SSFRecordBillViewController.m in Sources */,
				9147917A1CA3C99E0036A40D /* OptionCollectionViewCell.m in Sources */,
			);
			runOnlyForDeploymentPostprocessing = 0;
		};
		912D50951C8028220072401E /* Sources */ = {
			isa = PBXSourcesBuildPhase;
			buildActionMask = 2147483647;
			files = (
				912D509E1C8028220072401E /* SSFAnalysisTests.m in Sources */,
			);
			runOnlyForDeploymentPostprocessing = 0;
		};
		912D50A01C8028220072401E /* Sources */ = {
			isa = PBXSourcesBuildPhase;
			buildActionMask = 2147483647;
			files = (
				912D50A91C8028220072401E /* SSFAnalysisUITests.m in Sources */,
			);
			runOnlyForDeploymentPostprocessing = 0;
		};
/* End PBXSourcesBuildPhase section */

/* Begin PBXTargetDependency section */
		912D509B1C8028220072401E /* PBXTargetDependency */ = {
			isa = PBXTargetDependency;
			target = 912D507F1C8028220072401E /* SSFAnalysis */;
			targetProxy = 912D509A1C8028220072401E /* PBXContainerItemProxy */;
		};
		912D50A61C8028220072401E /* PBXTargetDependency */ = {
			isa = PBXTargetDependency;
			target = 912D507F1C8028220072401E /* SSFAnalysis */;
			targetProxy = 912D50A51C8028220072401E /* PBXContainerItemProxy */;
		};
/* End PBXTargetDependency section */

/* Begin PBXVariantGroup section */
		912D508C1C8028220072401E /* Main.storyboard */ = {
			isa = PBXVariantGroup;
			children = (
				912D508D1C8028220072401E /* Base */,
			);
			name = Main.storyboard;
			sourceTree = "<group>";
		};
		912D50911C8028220072401E /* LaunchScreen.storyboard */ = {
			isa = PBXVariantGroup;
			children = (
				912D50921C8028220072401E /* Base */,
			);
			name = LaunchScreen.storyboard;
			sourceTree = "<group>";
		};
/* End PBXVariantGroup section */

/* Begin XCBuildConfiguration section */
		912D50AB1C8028220072401E /* Debug */ = {
			isa = XCBuildConfiguration;
			buildSettings = {
				ALWAYS_SEARCH_USER_PATHS = NO;
				CLANG_CXX_LANGUAGE_STANDARD = "gnu++0x";
				CLANG_CXX_LIBRARY = "libc++";
				CLANG_ENABLE_MODULES = YES;
				CLANG_ENABLE_OBJC_ARC = YES;
				CLANG_WARN_BOOL_CONVERSION = YES;
				CLANG_WARN_CONSTANT_CONVERSION = YES;
				CLANG_WARN_DIRECT_OBJC_ISA_USAGE = YES_ERROR;
				CLANG_WARN_EMPTY_BODY = YES;
				CLANG_WARN_ENUM_CONVERSION = YES;
				CLANG_WARN_INT_CONVERSION = YES;
				CLANG_WARN_OBJC_ROOT_CLASS = YES_ERROR;
				CLANG_WARN_UNREACHABLE_CODE = YES;
				CLANG_WARN__DUPLICATE_METHOD_MATCH = YES;
				"CODE_SIGN_IDENTITY[sdk=iphoneos*]" = "iPhone Developer";
				COPY_PHASE_STRIP = NO;
				DEBUG_INFORMATION_FORMAT = dwarf;
				ENABLE_STRICT_OBJC_MSGSEND = YES;
				ENABLE_TESTABILITY = YES;
				GCC_C_LANGUAGE_STANDARD = gnu99;
				GCC_DYNAMIC_NO_PIC = NO;
				GCC_NO_COMMON_BLOCKS = YES;
				GCC_OPTIMIZATION_LEVEL = 0;
				GCC_PREPROCESSOR_DEFINITIONS = (
					"DEBUG=1",
					"$(inherited)",
				);
				GCC_WARN_64_TO_32_BIT_CONVERSION = YES;
				GCC_WARN_ABOUT_RETURN_TYPE = YES_ERROR;
				GCC_WARN_UNDECLARED_SELECTOR = YES;
				GCC_WARN_UNINITIALIZED_AUTOS = YES_AGGRESSIVE;
				GCC_WARN_UNUSED_FUNCTION = YES;
				GCC_WARN_UNUSED_VARIABLE = YES;
				IPHONEOS_DEPLOYMENT_TARGET = 9.2;
				MTL_ENABLE_DEBUG_INFO = YES;
				ONLY_ACTIVE_ARCH = YES;
				SDKROOT = iphoneos;
				TARGETED_DEVICE_FAMILY = "1,2";
			};
			name = Debug;
		};
		912D50AC1C8028220072401E /* Release */ = {
			isa = XCBuildConfiguration;
			buildSettings = {
				ALWAYS_SEARCH_USER_PATHS = NO;
				CLANG_CXX_LANGUAGE_STANDARD = "gnu++0x";
				CLANG_CXX_LIBRARY = "libc++";
				CLANG_ENABLE_MODULES = YES;
				CLANG_ENABLE_OBJC_ARC = YES;
				CLANG_WARN_BOOL_CONVERSION = YES;
				CLANG_WARN_CONSTANT_CONVERSION = YES;
				CLANG_WARN_DIRECT_OBJC_ISA_USAGE = YES_ERROR;
				CLANG_WARN_EMPTY_BODY = YES;
				CLANG_WARN_ENUM_CONVERSION = YES;
				CLANG_WARN_INT_CONVERSION = YES;
				CLANG_WARN_OBJC_ROOT_CLASS = YES_ERROR;
				CLANG_WARN_UNREACHABLE_CODE = YES;
				CLANG_WARN__DUPLICATE_METHOD_MATCH = YES;
				"CODE_SIGN_IDENTITY[sdk=iphoneos*]" = "iPhone Developer";
				COPY_PHASE_STRIP = NO;
				DEBUG_INFORMATION_FORMAT = "dwarf-with-dsym";
				ENABLE_NS_ASSERTIONS = NO;
				ENABLE_STRICT_OBJC_MSGSEND = YES;
				GCC_C_LANGUAGE_STANDARD = gnu99;
				GCC_NO_COMMON_BLOCKS = YES;
				GCC_WARN_64_TO_32_BIT_CONVERSION = YES;
				GCC_WARN_ABOUT_RETURN_TYPE = YES_ERROR;
				GCC_WARN_UNDECLARED_SELECTOR = YES;
				GCC_WARN_UNINITIALIZED_AUTOS = YES_AGGRESSIVE;
				GCC_WARN_UNUSED_FUNCTION = YES;
				GCC_WARN_UNUSED_VARIABLE = YES;
				IPHONEOS_DEPLOYMENT_TARGET = 9.2;
				MTL_ENABLE_DEBUG_INFO = NO;
				SDKROOT = iphoneos;
				TARGETED_DEVICE_FAMILY = "1,2";
				VALIDATE_PRODUCT = YES;
			};
			name = Release;
		};
		912D50AE1C8028220072401E /* Debug */ = {
			isa = XCBuildConfiguration;
			buildSettings = {
				ASSETCATALOG_COMPILER_APPICON_NAME = AppIcon;
				CODE_SIGN_IDENTITY = "iPhone Developer";
				GCC_PREFIX_HEADER = "$(SRCROOT)/$(PROJECT_NAME)/PrefixHeader.pch";
				INFOPLIST_FILE = SSFAnalysis/Info.plist;
				IPHONEOS_DEPLOYMENT_TARGET = 7.0;
				LD_RUNPATH_SEARCH_PATHS = "$(inherited) @executable_path/Frameworks";
				PRODUCT_BUNDLE_IDENTIFIER = com.ssf.SSFAnalysis;
				PRODUCT_NAME = "$(TARGET_NAME)";
			};
			name = Debug;
		};
		912D50AF1C8028220072401E /* Release */ = {
			isa = XCBuildConfiguration;
			buildSettings = {
				ASSETCATALOG_COMPILER_APPICON_NAME = AppIcon;
				CODE_SIGN_IDENTITY = "iPhone Developer";
				GCC_PREFIX_HEADER = "$(SRCROOT)/$(PROJECT_NAME)/PrefixHeader.pch";
				INFOPLIST_FILE = SSFAnalysis/Info.plist;
				IPHONEOS_DEPLOYMENT_TARGET = 7.0;
				LD_RUNPATH_SEARCH_PATHS = "$(inherited) @executable_path/Frameworks";
				PRODUCT_BUNDLE_IDENTIFIER = com.ssf.SSFAnalysis;
				PRODUCT_NAME = "$(TARGET_NAME)";
			};
			name = Release;
		};
		912D50B11C8028220072401E /* Debug */ = {
			isa = XCBuildConfiguration;
			buildSettings = {
				BUNDLE_LOADER = "$(TEST_HOST)";
				INFOPLIST_FILE = SSFAnalysisTests/Info.plist;
				LD_RUNPATH_SEARCH_PATHS = "$(inherited) @executable_path/Frameworks @loader_path/Frameworks";
				PRODUCT_BUNDLE_IDENTIFIER = com.ssf.SSFAnalysisTests;
				PRODUCT_NAME = "$(TARGET_NAME)";
				TEST_HOST = "$(BUILT_PRODUCTS_DIR)/SSFAnalysis.app/SSFAnalysis";
			};
			name = Debug;
		};
		912D50B21C8028220072401E /* Release */ = {
			isa = XCBuildConfiguration;
			buildSettings = {
				BUNDLE_LOADER = "$(TEST_HOST)";
				INFOPLIST_FILE = SSFAnalysisTests/Info.plist;
				LD_RUNPATH_SEARCH_PATHS = "$(inherited) @executable_path/Frameworks @loader_path/Frameworks";
				PRODUCT_BUNDLE_IDENTIFIER = com.ssf.SSFAnalysisTests;
				PRODUCT_NAME = "$(TARGET_NAME)";
				TEST_HOST = "$(BUILT_PRODUCTS_DIR)/SSFAnalysis.app/SSFAnalysis";
			};
			name = Release;
		};
		912D50B41C8028220072401E /* Debug */ = {
			isa = XCBuildConfiguration;
			buildSettings = {
				INFOPLIST_FILE = SSFAnalysisUITests/Info.plist;
				LD_RUNPATH_SEARCH_PATHS = "$(inherited) @executable_path/Frameworks @loader_path/Frameworks";
				PRODUCT_BUNDLE_IDENTIFIER = com.ssf.SSFAnalysisUITests;
				PRODUCT_NAME = "$(TARGET_NAME)";
				TEST_TARGET_NAME = SSFAnalysis;
				USES_XCTRUNNER = YES;
			};
			name = Debug;
		};
		912D50B51C8028220072401E /* Release */ = {
			isa = XCBuildConfiguration;
			buildSettings = {
				INFOPLIST_FILE = SSFAnalysisUITests/Info.plist;
				LD_RUNPATH_SEARCH_PATHS = "$(inherited) @executable_path/Frameworks @loader_path/Frameworks";
				PRODUCT_BUNDLE_IDENTIFIER = com.ssf.SSFAnalysisUITests;
				PRODUCT_NAME = "$(TARGET_NAME)";
				TEST_TARGET_NAME = SSFAnalysis;
				USES_XCTRUNNER = YES;
			};
			name = Release;
		};
		91395B341CB3B1A00080E051 /* UAT */ = {
			isa = XCBuildConfiguration;
			buildSettings = {
				ALWAYS_SEARCH_USER_PATHS = NO;
				CLANG_CXX_LANGUAGE_STANDARD = "gnu++0x";
				CLANG_CXX_LIBRARY = "libc++";
				CLANG_ENABLE_MODULES = YES;
				CLANG_ENABLE_OBJC_ARC = YES;
				CLANG_WARN_BOOL_CONVERSION = YES;
				CLANG_WARN_CONSTANT_CONVERSION = YES;
				CLANG_WARN_DIRECT_OBJC_ISA_USAGE = YES_ERROR;
				CLANG_WARN_EMPTY_BODY = YES;
				CLANG_WARN_ENUM_CONVERSION = YES;
				CLANG_WARN_INT_CONVERSION = YES;
				CLANG_WARN_OBJC_ROOT_CLASS = YES_ERROR;
				CLANG_WARN_UNREACHABLE_CODE = YES;
				CLANG_WARN__DUPLICATE_METHOD_MATCH = YES;
				"CODE_SIGN_IDENTITY[sdk=iphoneos*]" = "iPhone Developer";
				COPY_PHASE_STRIP = NO;
				DEBUG_INFORMATION_FORMAT = dwarf;
				ENABLE_STRICT_OBJC_MSGSEND = YES;
				ENABLE_TESTABILITY = YES;
				GCC_C_LANGUAGE_STANDARD = gnu99;
				GCC_DYNAMIC_NO_PIC = NO;
				GCC_NO_COMMON_BLOCKS = YES;
				GCC_OPTIMIZATION_LEVEL = 0;
				GCC_PREPROCESSOR_DEFINITIONS = (
					"UAT=2",
					"$(inherited)",
				);
				GCC_WARN_64_TO_32_BIT_CONVERSION = YES;
				GCC_WARN_ABOUT_RETURN_TYPE = YES_ERROR;
				GCC_WARN_UNDECLARED_SELECTOR = YES;
				GCC_WARN_UNINITIALIZED_AUTOS = YES_AGGRESSIVE;
				GCC_WARN_UNUSED_FUNCTION = YES;
				GCC_WARN_UNUSED_VARIABLE = YES;
				IPHONEOS_DEPLOYMENT_TARGET = 9.2;
				MTL_ENABLE_DEBUG_INFO = YES;
				ONLY_ACTIVE_ARCH = YES;
				SDKROOT = iphoneos;
				TARGETED_DEVICE_FAMILY = "1,2";
			};
			name = UAT;
		};
		91395B351CB3B1A00080E051 /* UAT */ = {
			isa = XCBuildConfiguration;
			buildSettings = {
				ASSETCATALOG_COMPILER_APPICON_NAME = AppIcon;
				CODE_SIGN_IDENTITY = "iPhone Developer";
				GCC_PREFIX_HEADER = "$(SRCROOT)/$(PROJECT_NAME)/PrefixHeader.pch";
				INFOPLIST_FILE = SSFAnalysis/Info.plist;
				IPHONEOS_DEPLOYMENT_TARGET = 7.0;
				LD_RUNPATH_SEARCH_PATHS = "$(inherited) @executable_path/Frameworks";
				PRODUCT_BUNDLE_IDENTIFIER = com.ssf.SSFAnalysis;
				PRODUCT_NAME = "$(TARGET_NAME)";
			};
			name = UAT;
		};
		91395B361CB3B1A00080E051 /* UAT */ = {
			isa = XCBuildConfiguration;
			buildSettings = {
				BUNDLE_LOADER = "$(TEST_HOST)";
				INFOPLIST_FILE = SSFAnalysisTests/Info.plist;
				LD_RUNPATH_SEARCH_PATHS = "$(inherited) @executable_path/Frameworks @loader_path/Frameworks";
				PRODUCT_BUNDLE_IDENTIFIER = com.ssf.SSFAnalysisTests;
				PRODUCT_NAME = "$(TARGET_NAME)";
				TEST_HOST = "$(BUILT_PRODUCTS_DIR)/SSFAnalysis.app/SSFAnalysis";
			};
			name = UAT;
		};
		91395B371CB3B1A00080E051 /* UAT */ = {
			isa = XCBuildConfiguration;
			buildSettings = {
				INFOPLIST_FILE = SSFAnalysisUITests/Info.plist;
				LD_RUNPATH_SEARCH_PATHS = "$(inherited) @executable_path/Frameworks @loader_path/Frameworks";
				PRODUCT_BUNDLE_IDENTIFIER = com.ssf.SSFAnalysisUITests;
				PRODUCT_NAME = "$(TARGET_NAME)";
				TEST_TARGET_NAME = SSFAnalysis;
				USES_XCTRUNNER = YES;
			};
			name = UAT;
		};
/* End XCBuildConfiguration section */

/* Begin XCConfigurationList section */
		912D507B1C8028220072401E /* Build configuration list for PBXProject "SSFAnalysis" */ = {
			isa = XCConfigurationList;
			buildConfigurations = (
				912D50AB1C8028220072401E /* Debug */,
				91395B341CB3B1A00080E051 /* UAT */,
				912D50AC1C8028220072401E /* Release */,
			);
			defaultConfigurationIsVisible = 0;
			defaultConfigurationName = Release;
		};
		912D50AD1C8028220072401E /* Build configuration list for PBXNativeTarget "SSFAnalysis" */ = {
			isa = XCConfigurationList;
			buildConfigurations = (
				912D50AE1C8028220072401E /* Debug */,
				91395B351CB3B1A00080E051 /* UAT */,
				912D50AF1C8028220072401E /* Release */,
			);
			defaultConfigurationIsVisible = 0;
			defaultConfigurationName = Release;
		};
		912D50B01C8028220072401E /* Build configuration list for PBXNativeTarget "SSFAnalysisTests" */ = {
			isa = XCConfigurationList;
			buildConfigurations = (
				912D50B11C8028220072401E /* Debug */,
				91395B361CB3B1A00080E051 /* UAT */,
				912D50B21C8028220072401E /* Release */,
			);
			defaultConfigurationIsVisible = 0;
			defaultConfigurationName = Release;
		};
		912D50B31C8028220072401E /* Build configuration list for PBXNativeTarget "SSFAnalysisUITests" */ = {
			isa = XCConfigurationList;
			buildConfigurations = (
				912D50B41C8028220072401E /* Debug */,
				91395B371CB3B1A00080E051 /* UAT */,
				912D50B51C8028220072401E /* Release */,
			);
			defaultConfigurationIsVisible = 0;
			defaultConfigurationName = Release;
		};
/* End XCConfigurationList section */

/* Begin XCVersionGroup section */
		912D51081C9BA2D00072401E /* Analysis.xcdatamodeld */ = {
			isa = XCVersionGroup;
			children = (
				912D51091C9BA2D00072401E /* Analysis.xcdatamodel */,
			);
			currentVersion = 912D51091C9BA2D00072401E /* Analysis.xcdatamodel */;
			path = Analysis.xcdatamodeld;
			sourceTree = "<group>";
			versionGroupType = wrapper.xcdatamodel;
		};
/* End XCVersionGroup section */
	};
	rootObject = 912D50781C8028220072401E /* Project object */;
}
